// !$*UTF8*$!
{
	archiveVersion = 1;
	classes = {
	};
	objectVersion = 55;
	objects = {

/* Begin PBXBuildFile section */
		04C1FE0D28AFDDCF0073ABF8 /* AppDelegate.swift in Sources */ = {isa = PBXBuildFile; fileRef = 04C1FE0C28AFDDCF0073ABF8 /* AppDelegate.swift */; };
		04C1FE0F28AFDDCF0073ABF8 /* SceneDelegate.swift in Sources */ = {isa = PBXBuildFile; fileRef = 04C1FE0E28AFDDCF0073ABF8 /* SceneDelegate.swift */; };
		04C1FE1128AFDDCF0073ABF8 /* TopHeadlinesViewController.swift in Sources */ = {isa = PBXBuildFile; fileRef = 04C1FE1028AFDDCF0073ABF8 /* TopHeadlinesViewController.swift */; };
		04C1FE1428AFDDCF0073ABF8 /* Main.storyboard in Resources */ = {isa = PBXBuildFile; fileRef = 04C1FE1228AFDDCF0073ABF8 /* Main.storyboard */; };
		04C1FE1628AFDDD00073ABF8 /* Assets.xcassets in Resources */ = {isa = PBXBuildFile; fileRef = 04C1FE1528AFDDD00073ABF8 /* Assets.xcassets */; };
		04C1FE1928AFDDD00073ABF8 /* LaunchScreen.storyboard in Resources */ = {isa = PBXBuildFile; fileRef = 04C1FE1728AFDDD00073ABF8 /* LaunchScreen.storyboard */; };
		04C1FE2728AFE1120073ABF8 /* TopHeadlinesViewControllerTests.swift in Sources */ = {isa = PBXBuildFile; fileRef = 04C1FE2628AFE1120073ABF8 /* TopHeadlinesViewControllerTests.swift */; };
		04C1FE3528B0D26D0073ABF8 /* TopHeadlineItem.swift in Sources */ = {isa = PBXBuildFile; fileRef = 04C1FE3428B0D26D0073ABF8 /* TopHeadlineItem.swift */; };
		04C1FE3B28B0D3F90073ABF8 /* TopHeadlineItemTests.swift in Sources */ = {isa = PBXBuildFile; fileRef = 04C1FE3A28B0D3F90073ABF8 /* TopHeadlineItemTests.swift */; };
		04C1FE3F28B0DC9F0073ABF8 /* TopHeadlineItem+Fixture.swift in Sources */ = {isa = PBXBuildFile; fileRef = 04C1FE3E28B0DC9F0073ABF8 /* TopHeadlineItem+Fixture.swift */; };
		04C1FE4228B100BF0073ABF8 /* DataParser.swift in Sources */ = {isa = PBXBuildFile; fileRef = 04C1FE4128B100BF0073ABF8 /* DataParser.swift */; };
		04C1FE4528B102770073ABF8 /* APIManager.swift in Sources */ = {isa = PBXBuildFile; fileRef = 04C1FE4428B102760073ABF8 /* APIManager.swift */; };
		04C1FE4828B1047D0073ABF8 /* RequestType.swift in Sources */ = {isa = PBXBuildFile; fileRef = 04C1FE4728B1047D0073ABF8 /* RequestType.swift */; };
		04C1FE4A28B104B90073ABF8 /* RequestProtocol.swift in Sources */ = {isa = PBXBuildFile; fileRef = 04C1FE4928B104B90073ABF8 /* RequestProtocol.swift */; };
		04C1FE4C28B105040073ABF8 /* APIConstants.swift in Sources */ = {isa = PBXBuildFile; fileRef = 04C1FE4B28B105040073ABF8 /* APIConstants.swift */; };
		04C1FE4E28B1057F0073ABF8 /* NetworkError.swift in Sources */ = {isa = PBXBuildFile; fileRef = 04C1FE4D28B1057F0073ABF8 /* NetworkError.swift */; };
		04C1FE5128B108A10073ABF8 /* TopHeadlinesRequest.swift in Sources */ = {isa = PBXBuildFile; fileRef = 04C1FE5028B108A10073ABF8 /* TopHeadlinesRequest.swift */; };
		04C1FE5328B10D600073ABF8 /* RequestManager.swift in Sources */ = {isa = PBXBuildFile; fileRef = 04C1FE5228B10D600073ABF8 /* RequestManager.swift */; };
		04C1FE5528B1195B0073ABF8 /* TopHeadlinesResponse.swift in Sources */ = {isa = PBXBuildFile; fileRef = 04C1FE5428B1195B0073ABF8 /* TopHeadlinesResponse.swift */; };
		04C1FE5928B156D70073ABF8 /* TopHeadlinesViewModel.swift in Sources */ = {isa = PBXBuildFile; fileRef = 04C1FE5828B156D70073ABF8 /* TopHeadlinesViewModel.swift */; };
		04C1FE5C28B16CD40073ABF8 /* UITableViewCell+Dequeue.swift in Sources */ = {isa = PBXBuildFile; fileRef = 04C1FE5B28B16CD40073ABF8 /* UITableViewCell+Dequeue.swift */; };
		04C1FE5F28B16D240073ABF8 /* UITableViewCell+ReusableView.swift in Sources */ = {isa = PBXBuildFile; fileRef = 04C1FE5E28B16D240073ABF8 /* UITableViewCell+ReusableView.swift */; };
		04C1FE6128B16D5D0073ABF8 /* ReusableView.swift in Sources */ = {isa = PBXBuildFile; fileRef = 04C1FE6028B16D5D0073ABF8 /* ReusableView.swift */; };
		04C1FE6328B16E2C0073ABF8 /* TopHeadlineCell.swift in Sources */ = {isa = PBXBuildFile; fileRef = 04C1FE6228B16E2C0073ABF8 /* TopHeadlineCell.swift */; };
		04C1FE6628B177930073ABF8 /* Kingfisher in Frameworks */ = {isa = PBXBuildFile; productRef = 04C1FE6528B177930073ABF8 /* Kingfisher */; };
/* End PBXBuildFile section */

/* Begin PBXContainerItemProxy section */
		04C1FE2828AFE1120073ABF8 /* PBXContainerItemProxy */ = {
			isa = PBXContainerItemProxy;
			containerPortal = 04C1FE0128AFDDCF0073ABF8 /* Project object */;
			proxyType = 1;
			remoteGlobalIDString = 04C1FE0828AFDDCF0073ABF8;
			remoteInfo = TopHeadlines;
		};
/* End PBXContainerItemProxy section */

/* Begin PBXFileReference section */
		04C1FE0928AFDDCF0073ABF8 /* TopHeadlines.app */ = {isa = PBXFileReference; explicitFileType = wrapper.application; includeInIndex = 0; path = TopHeadlines.app; sourceTree = BUILT_PRODUCTS_DIR; };
		04C1FE0C28AFDDCF0073ABF8 /* AppDelegate.swift */ = {isa = PBXFileReference; lastKnownFileType = sourcecode.swift; path = AppDelegate.swift; sourceTree = "<group>"; };
		04C1FE0E28AFDDCF0073ABF8 /* SceneDelegate.swift */ = {isa = PBXFileReference; lastKnownFileType = sourcecode.swift; path = SceneDelegate.swift; sourceTree = "<group>"; };
		04C1FE1028AFDDCF0073ABF8 /* TopHeadlinesViewController.swift */ = {isa = PBXFileReference; lastKnownFileType = sourcecode.swift; path = TopHeadlinesViewController.swift; sourceTree = "<group>"; };
		04C1FE1328AFDDCF0073ABF8 /* Base */ = {isa = PBXFileReference; lastKnownFileType = file.storyboard; name = Base; path = Base.lproj/Main.storyboard; sourceTree = "<group>"; };
		04C1FE1528AFDDD00073ABF8 /* Assets.xcassets */ = {isa = PBXFileReference; lastKnownFileType = folder.assetcatalog; path = Assets.xcassets; sourceTree = "<group>"; };
		04C1FE1828AFDDD00073ABF8 /* Base */ = {isa = PBXFileReference; lastKnownFileType = file.storyboard; name = Base; path = Base.lproj/LaunchScreen.storyboard; sourceTree = "<group>"; };
		04C1FE1A28AFDDD00073ABF8 /* Info.plist */ = {isa = PBXFileReference; lastKnownFileType = text.plist.xml; path = Info.plist; sourceTree = "<group>"; };
		04C1FE2428AFE1120073ABF8 /* TopHeadlinesTests.xctest */ = {isa = PBXFileReference; explicitFileType = wrapper.cfbundle; includeInIndex = 0; path = TopHeadlinesTests.xctest; sourceTree = BUILT_PRODUCTS_DIR; };
		04C1FE2628AFE1120073ABF8 /* TopHeadlinesViewControllerTests.swift */ = {isa = PBXFileReference; lastKnownFileType = sourcecode.swift; path = TopHeadlinesViewControllerTests.swift; sourceTree = "<group>"; };
		04C1FE3428B0D26D0073ABF8 /* TopHeadlineItem.swift */ = {isa = PBXFileReference; lastKnownFileType = sourcecode.swift; path = TopHeadlineItem.swift; sourceTree = "<group>"; };
		04C1FE3A28B0D3F90073ABF8 /* TopHeadlineItemTests.swift */ = {isa = PBXFileReference; lastKnownFileType = sourcecode.swift; path = TopHeadlineItemTests.swift; sourceTree = "<group>"; };
		04C1FE3E28B0DC9F0073ABF8 /* TopHeadlineItem+Fixture.swift */ = {isa = PBXFileReference; lastKnownFileType = sourcecode.swift; path = "TopHeadlineItem+Fixture.swift"; sourceTree = "<group>"; };
		04C1FE4128B100BF0073ABF8 /* DataParser.swift */ = {isa = PBXFileReference; lastKnownFileType = sourcecode.swift; path = DataParser.swift; sourceTree = "<group>"; };
		04C1FE4428B102760073ABF8 /* APIManager.swift */ = {isa = PBXFileReference; lastKnownFileType = sourcecode.swift; path = APIManager.swift; sourceTree = "<group>"; };
		04C1FE4728B1047D0073ABF8 /* RequestType.swift */ = {isa = PBXFileReference; lastKnownFileType = sourcecode.swift; path = RequestType.swift; sourceTree = "<group>"; };
		04C1FE4928B104B90073ABF8 /* RequestProtocol.swift */ = {isa = PBXFileReference; lastKnownFileType = sourcecode.swift; path = RequestProtocol.swift; sourceTree = "<group>"; };
		04C1FE4B28B105040073ABF8 /* APIConstants.swift */ = {isa = PBXFileReference; lastKnownFileType = sourcecode.swift; path = APIConstants.swift; sourceTree = "<group>"; };
		04C1FE4D28B1057F0073ABF8 /* NetworkError.swift */ = {isa = PBXFileReference; lastKnownFileType = sourcecode.swift; path = NetworkError.swift; sourceTree = "<group>"; };
		04C1FE5028B108A10073ABF8 /* TopHeadlinesRequest.swift */ = {isa = PBXFileReference; lastKnownFileType = sourcecode.swift; path = TopHeadlinesRequest.swift; sourceTree = "<group>"; };
		04C1FE5228B10D600073ABF8 /* RequestManager.swift */ = {isa = PBXFileReference; lastKnownFileType = sourcecode.swift; path = RequestManager.swift; sourceTree = "<group>"; };
		04C1FE5428B1195B0073ABF8 /* TopHeadlinesResponse.swift */ = {isa = PBXFileReference; lastKnownFileType = sourcecode.swift; path = TopHeadlinesResponse.swift; sourceTree = "<group>"; };
		04C1FE5828B156D70073ABF8 /* TopHeadlinesViewModel.swift */ = {isa = PBXFileReference; lastKnownFileType = sourcecode.swift; path = TopHeadlinesViewModel.swift; sourceTree = "<group>"; };
		04C1FE5B28B16CD40073ABF8 /* UITableViewCell+Dequeue.swift */ = {isa = PBXFileReference; lastKnownFileType = sourcecode.swift; path = "UITableViewCell+Dequeue.swift"; sourceTree = "<group>"; };
		04C1FE5E28B16D240073ABF8 /* UITableViewCell+ReusableView.swift */ = {isa = PBXFileReference; lastKnownFileType = sourcecode.swift; path = "UITableViewCell+ReusableView.swift"; sourceTree = "<group>"; };
		04C1FE6028B16D5D0073ABF8 /* ReusableView.swift */ = {isa = PBXFileReference; lastKnownFileType = sourcecode.swift; path = ReusableView.swift; sourceTree = "<group>"; };
		04C1FE6228B16E2C0073ABF8 /* TopHeadlineCell.swift */ = {isa = PBXFileReference; lastKnownFileType = sourcecode.swift; path = TopHeadlineCell.swift; sourceTree = "<group>"; };
/* End PBXFileReference section */

/* Begin PBXFrameworksBuildPhase section */
		04C1FE0628AFDDCF0073ABF8 /* Frameworks */ = {
			isa = PBXFrameworksBuildPhase;
			buildActionMask = 2147483647;
			files = (
				04C1FE6628B177930073ABF8 /* Kingfisher in Frameworks */,
			);
			runOnlyForDeploymentPostprocessing = 0;
		};
		04C1FE2128AFE1120073ABF8 /* Frameworks */ = {
			isa = PBXFrameworksBuildPhase;
			buildActionMask = 2147483647;
			files = (
			);
			runOnlyForDeploymentPostprocessing = 0;
		};
/* End PBXFrameworksBuildPhase section */

/* Begin PBXGroup section */
		04C1FE0028AFDDCF0073ABF8 = {
			isa = PBXGroup;
			children = (
				04C1FE0B28AFDDCF0073ABF8 /* TopHeadlines */,
				04C1FE2528AFE1120073ABF8 /* TopHeadlinesTests */,
				04C1FE0A28AFDDCF0073ABF8 /* Products */,
			);
			sourceTree = "<group>";
		};
		04C1FE0A28AFDDCF0073ABF8 /* Products */ = {
			isa = PBXGroup;
			children = (
				04C1FE0928AFDDCF0073ABF8 /* TopHeadlines.app */,
				04C1FE2428AFE1120073ABF8 /* TopHeadlinesTests.xctest */,
			);
			name = Products;
			sourceTree = "<group>";
		};
		04C1FE0B28AFDDCF0073ABF8 /* TopHeadlines */ = {
			isa = PBXGroup;
			children = (
				04C1FE3028AFE93B0073ABF8 /* Core */,
				04C1FE2D28AFE8E50073ABF8 /* Presentation */,
				04C1FE1A28AFDDD00073ABF8 /* Info.plist */,
			);
			path = TopHeadlines;
			sourceTree = "<group>";
		};
		04C1FE2528AFE1120073ABF8 /* TopHeadlinesTests */ = {
			isa = PBXGroup;
			children = (
				04C1FE3C28B0DC610073ABF8 /* Fixtures */,
				04C1FE3728B0D3BD0073ABF8 /* Core */,
				04C1FE3628B0D39B0073ABF8 /* Presentation */,
			);
			path = TopHeadlinesTests;
			sourceTree = "<group>";
		};
		04C1FE2D28AFE8E50073ABF8 /* Presentation */ = {
			isa = PBXGroup;
			children = (
				04C1FE0C28AFDDCF0073ABF8 /* AppDelegate.swift */,
				04C1FE0E28AFDDCF0073ABF8 /* SceneDelegate.swift */,
				04C1FE5D28B16CFB0073ABF8 /* Utilities */,
				04C1FE5A28B16C990073ABF8 /* UIKit Extensions */,
				04C1FE2E28AFE9080073ABF8 /* screens */,
				04C1FE2F28AFE9240073ABF8 /* storyboards */,
				04C1FE1528AFDDD00073ABF8 /* Assets.xcassets */,
			);
			path = Presentation;
			sourceTree = "<group>";
		};
		04C1FE2E28AFE9080073ABF8 /* screens */ = {
			isa = PBXGroup;
			children = (
				04C1FE5628B130CB0073ABF8 /* top headlines */,
			);
			path = screens;
			sourceTree = "<group>";
		};
		04C1FE2F28AFE9240073ABF8 /* storyboards */ = {
			isa = PBXGroup;
			children = (
				04C1FE1228AFDDCF0073ABF8 /* Main.storyboard */,
				04C1FE1728AFDDD00073ABF8 /* LaunchScreen.storyboard */,
			);
			path = storyboards;
			sourceTree = "<group>";
		};
		04C1FE3028AFE93B0073ABF8 /* Core */ = {
			isa = PBXGroup;
			children = (
				04C1FE3328AFE9980073ABF8 /* api */,
				04C1FE3128AFE9830073ABF8 /* domain */,
			);
			path = Core;
			sourceTree = "<group>";
		};
		04C1FE3128AFE9830073ABF8 /* domain */ = {
			isa = PBXGroup;
			children = (
				04C1FE3228AFE98C0073ABF8 /* model */,
			);
			path = domain;
			sourceTree = "<group>";
		};
		04C1FE3228AFE98C0073ABF8 /* model */ = {
			isa = PBXGroup;
			children = (
				04C1FE3428B0D26D0073ABF8 /* TopHeadlineItem.swift */,
			);
			path = model;
			sourceTree = "<group>";
		};
		04C1FE3328AFE9980073ABF8 /* api */ = {
			isa = PBXGroup;
			children = (
				04C1FE4028B100830073ABF8 /* parser */,
				04C1FE4328B102520073ABF8 /* network */,
				04C1FE4628B1046C0073ABF8 /* request */,
				04C1FE4B28B105040073ABF8 /* APIConstants.swift */,
			);
			path = api;
			sourceTree = "<group>";
		};
		04C1FE3628B0D39B0073ABF8 /* Presentation */ = {
			isa = PBXGroup;
			children = (
				04C1FE5728B130F90073ABF8 /* top headlines */,
			);
			path = Presentation;
			sourceTree = "<group>";
		};
		04C1FE3728B0D3BD0073ABF8 /* Core */ = {
			isa = PBXGroup;
			children = (
				04C1FE3828B0D3D50073ABF8 /* domain */,
			);
			path = Core;
			sourceTree = "<group>";
		};
		04C1FE3828B0D3D50073ABF8 /* domain */ = {
			isa = PBXGroup;
			children = (
				04C1FE3928B0D3DB0073ABF8 /* model */,
			);
			path = domain;
			sourceTree = "<group>";
		};
		04C1FE3928B0D3DB0073ABF8 /* model */ = {
			isa = PBXGroup;
			children = (
				04C1FE3A28B0D3F90073ABF8 /* TopHeadlineItemTests.swift */,
			);
			path = model;
			sourceTree = "<group>";
		};
		04C1FE3C28B0DC610073ABF8 /* Fixtures */ = {
			isa = PBXGroup;
			children = (
				04C1FE3D28B0DC6F0073ABF8 /* model */,
			);
			path = Fixtures;
			sourceTree = "<group>";
		};
		04C1FE3D28B0DC6F0073ABF8 /* model */ = {
			isa = PBXGroup;
			children = (
				04C1FE3E28B0DC9F0073ABF8 /* TopHeadlineItem+Fixture.swift */,
			);
			path = model;
			sourceTree = "<group>";
		};
		04C1FE4028B100830073ABF8 /* parser */ = {
			isa = PBXGroup;
			children = (
				04C1FE4128B100BF0073ABF8 /* DataParser.swift */,
			);
			path = parser;
			sourceTree = "<group>";
		};
		04C1FE4328B102520073ABF8 /* network */ = {
			isa = PBXGroup;
			children = (
				04C1FE4D28B1057F0073ABF8 /* NetworkError.swift */,
				04C1FE4428B102760073ABF8 /* APIManager.swift */,
				04C1FE5228B10D600073ABF8 /* RequestManager.swift */,
			);
			path = network;
			sourceTree = "<group>";
		};
		04C1FE4628B1046C0073ABF8 /* request */ = {
			isa = PBXGroup;
			children = (
				04C1FE4F28B107F70073ABF8 /* top headlines */,
				04C1FE4728B1047D0073ABF8 /* RequestType.swift */,
				04C1FE4928B104B90073ABF8 /* RequestProtocol.swift */,
			);
			path = request;
			sourceTree = "<group>";
		};
		04C1FE4F28B107F70073ABF8 /* top headlines */ = {
			isa = PBXGroup;
			children = (
				04C1FE5028B108A10073ABF8 /* TopHeadlinesRequest.swift */,
				04C1FE5428B1195B0073ABF8 /* TopHeadlinesResponse.swift */,
			);
			path = "top headlines";
			sourceTree = "<group>";
		};
		04C1FE5628B130CB0073ABF8 /* top headlines */ = {
			isa = PBXGroup;
			children = (
				04C1FE1028AFDDCF0073ABF8 /* TopHeadlinesViewController.swift */,
				04C1FE5828B156D70073ABF8 /* TopHeadlinesViewModel.swift */,
				04C1FE6228B16E2C0073ABF8 /* TopHeadlineCell.swift */,
			);
			path = "top headlines";
			sourceTree = "<group>";
		};
		04C1FE5728B130F90073ABF8 /* top headlines */ = {
			isa = PBXGroup;
			children = (
				04C1FE2628AFE1120073ABF8 /* TopHeadlinesViewControllerTests.swift */,
			);
			path = "top headlines";
			sourceTree = "<group>";
		};
		04C1FE5A28B16C990073ABF8 /* UIKit Extensions */ = {
			isa = PBXGroup;
			children = (
				04C1FE5B28B16CD40073ABF8 /* UITableViewCell+Dequeue.swift */,
				04C1FE5E28B16D240073ABF8 /* UITableViewCell+ReusableView.swift */,
			);
			path = "UIKit Extensions";
			sourceTree = "<group>";
		};
		04C1FE5D28B16CFB0073ABF8 /* Utilities */ = {
			isa = PBXGroup;
			children = (
				04C1FE6028B16D5D0073ABF8 /* ReusableView.swift */,
			);
			path = Utilities;
			sourceTree = "<group>";
		};
/* End PBXGroup section */

/* Begin PBXNativeTarget section */
		04C1FE0828AFDDCF0073ABF8 /* TopHeadlines */ = {
			isa = PBXNativeTarget;
			buildConfigurationList = 04C1FE1D28AFDDD00073ABF8 /* Build configuration list for PBXNativeTarget "TopHeadlines" */;
			buildPhases = (
				04C1FE0528AFDDCF0073ABF8 /* Sources */,
				04C1FE0628AFDDCF0073ABF8 /* Frameworks */,
				04C1FE0728AFDDCF0073ABF8 /* Resources */,
			);
			buildRules = (
			);
			dependencies = (
			);
			name = TopHeadlines;
			packageProductDependencies = (
				04C1FE6528B177930073ABF8 /* Kingfisher */,
			);
			productName = TopHeadlines;
			productReference = 04C1FE0928AFDDCF0073ABF8 /* TopHeadlines.app */;
			productType = "com.apple.product-type.application";
		};
		04C1FE2328AFE1120073ABF8 /* TopHeadlinesTests */ = {
			isa = PBXNativeTarget;
			buildConfigurationList = 04C1FE2A28AFE1120073ABF8 /* Build configuration list for PBXNativeTarget "TopHeadlinesTests" */;
			buildPhases = (
				04C1FE2028AFE1120073ABF8 /* Sources */,
				04C1FE2128AFE1120073ABF8 /* Frameworks */,
				04C1FE2228AFE1120073ABF8 /* Resources */,
			);
			buildRules = (
			);
			dependencies = (
				04C1FE2928AFE1120073ABF8 /* PBXTargetDependency */,
			);
			name = TopHeadlinesTests;
			productName = TopHeadlinesTests;
			productReference = 04C1FE2428AFE1120073ABF8 /* TopHeadlinesTests.xctest */;
			productType = "com.apple.product-type.bundle.unit-test";
		};
/* End PBXNativeTarget section */

/* Begin PBXProject section */
		04C1FE0128AFDDCF0073ABF8 /* Project object */ = {
			isa = PBXProject;
			attributes = {
				BuildIndependentTargetsInParallel = 1;
				LastSwiftUpdateCheck = 1340;
				LastUpgradeCheck = 1340;
				TargetAttributes = {
					04C1FE0828AFDDCF0073ABF8 = {
						CreatedOnToolsVersion = 13.4.1;
					};
					04C1FE2328AFE1120073ABF8 = {
						CreatedOnToolsVersion = 13.4.1;
						TestTargetID = 04C1FE0828AFDDCF0073ABF8;
					};
				};
			};
			buildConfigurationList = 04C1FE0428AFDDCF0073ABF8 /* Build configuration list for PBXProject "TopHeadlines" */;
			compatibilityVersion = "Xcode 13.0";
			developmentRegion = en;
			hasScannedForEncodings = 0;
			knownRegions = (
				en,
				Base,
			);
			mainGroup = 04C1FE0028AFDDCF0073ABF8;
			packageReferences = (
				04C1FE6428B177930073ABF8 /* XCRemoteSwiftPackageReference "Kingfisher" */,
			);
			productRefGroup = 04C1FE0A28AFDDCF0073ABF8 /* Products */;
			projectDirPath = "";
			projectRoot = "";
			targets = (
				04C1FE0828AFDDCF0073ABF8 /* TopHeadlines */,
				04C1FE2328AFE1120073ABF8 /* TopHeadlinesTests */,
			);
		};
/* End PBXProject section */

/* Begin PBXResourcesBuildPhase section */
		04C1FE0728AFDDCF0073ABF8 /* Resources */ = {
			isa = PBXResourcesBuildPhase;
			buildActionMask = 2147483647;
			files = (
				04C1FE1928AFDDD00073ABF8 /* LaunchScreen.storyboard in Resources */,
				04C1FE1628AFDDD00073ABF8 /* Assets.xcassets in Resources */,
				04C1FE1428AFDDCF0073ABF8 /* Main.storyboard in Resources */,
			);
			runOnlyForDeploymentPostprocessing = 0;
		};
		04C1FE2228AFE1120073ABF8 /* Resources */ = {
			isa = PBXResourcesBuildPhase;
			buildActionMask = 2147483647;
			files = (
			);
			runOnlyForDeploymentPostprocessing = 0;
		};
/* End PBXResourcesBuildPhase section */

/* Begin PBXSourcesBuildPhase section */
		04C1FE0528AFDDCF0073ABF8 /* Sources */ = {
			isa = PBXSourcesBuildPhase;
			buildActionMask = 2147483647;
			files = (
				04C1FE4528B102770073ABF8 /* APIManager.swift in Sources */,
				04C1FE6128B16D5D0073ABF8 /* ReusableView.swift in Sources */,
				04C1FE3528B0D26D0073ABF8 /* TopHeadlineItem.swift in Sources */,
				04C1FE4828B1047D0073ABF8 /* RequestType.swift in Sources */,
				04C1FE5F28B16D240073ABF8 /* UITableViewCell+ReusableView.swift in Sources */,
				04C1FE5328B10D600073ABF8 /* RequestManager.swift in Sources */,
				04C1FE5C28B16CD40073ABF8 /* UITableViewCell+Dequeue.swift in Sources */,
				04C1FE5928B156D70073ABF8 /* TopHeadlinesViewModel.swift in Sources */,
				04C1FE4A28B104B90073ABF8 /* RequestProtocol.swift in Sources */,
				04C1FE4228B100BF0073ABF8 /* DataParser.swift in Sources */,
				04C1FE4C28B105040073ABF8 /* APIConstants.swift in Sources */,
				04C1FE1128AFDDCF0073ABF8 /* TopHeadlinesViewController.swift in Sources */,
				04C1FE0D28AFDDCF0073ABF8 /* AppDelegate.swift in Sources */,
				04C1FE5128B108A10073ABF8 /* TopHeadlinesRequest.swift in Sources */,
				04C1FE0F28AFDDCF0073ABF8 /* SceneDelegate.swift in Sources */,
				04C1FE6328B16E2C0073ABF8 /* TopHeadlineCell.swift in Sources */,
				04C1FE4E28B1057F0073ABF8 /* NetworkError.swift in Sources */,
				04C1FE5528B1195B0073ABF8 /* TopHeadlinesResponse.swift in Sources */,
			);
			runOnlyForDeploymentPostprocessing = 0;
		};
		04C1FE2028AFE1120073ABF8 /* Sources */ = {
			isa = PBXSourcesBuildPhase;
			buildActionMask = 2147483647;
			files = (
				04C1FE3F28B0DC9F0073ABF8 /* TopHeadlineItem+Fixture.swift in Sources */,
				04C1FE3B28B0D3F90073ABF8 /* TopHeadlineItemTests.swift in Sources */,
				04C1FE2728AFE1120073ABF8 /* TopHeadlinesViewControllerTests.swift in Sources */,
			);
			runOnlyForDeploymentPostprocessing = 0;
		};
/* End PBXSourcesBuildPhase section */

/* Begin PBXTargetDependency section */
		04C1FE2928AFE1120073ABF8 /* PBXTargetDependency */ = {
			isa = PBXTargetDependency;
			target = 04C1FE0828AFDDCF0073ABF8 /* TopHeadlines */;
			targetProxy = 04C1FE2828AFE1120073ABF8 /* PBXContainerItemProxy */;
		};
/* End PBXTargetDependency section */

/* Begin PBXVariantGroup section */
		04C1FE1228AFDDCF0073ABF8 /* Main.storyboard */ = {
			isa = PBXVariantGroup;
			children = (
				04C1FE1328AFDDCF0073ABF8 /* Base */,
			);
			name = Main.storyboard;
			sourceTree = "<group>";
		};
		04C1FE1728AFDDD00073ABF8 /* LaunchScreen.storyboard */ = {
			isa = PBXVariantGroup;
			children = (
				04C1FE1828AFDDD00073ABF8 /* Base */,
			);
			name = LaunchScreen.storyboard;
			sourceTree = "<group>";
		};
/* End PBXVariantGroup section */

/* Begin XCBuildConfiguration section */
		04C1FE1B28AFDDD00073ABF8 /* Debug */ = {
			isa = XCBuildConfiguration;
			buildSettings = {
				ALWAYS_SEARCH_USER_PATHS = NO;
				CLANG_ANALYZER_NONNULL = YES;
				CLANG_ANALYZER_NUMBER_OBJECT_CONVERSION = YES_AGGRESSIVE;
				CLANG_CXX_LANGUAGE_STANDARD = "gnu++17";
				CLANG_ENABLE_MODULES = YES;
				CLANG_ENABLE_OBJC_ARC = YES;
				CLANG_ENABLE_OBJC_WEAK = YES;
				CLANG_WARN_BLOCK_CAPTURE_AUTORELEASING = YES;
				CLANG_WARN_BOOL_CONVERSION = YES;
				CLANG_WARN_COMMA = YES;
				CLANG_WARN_CONSTANT_CONVERSION = YES;
				CLANG_WARN_DEPRECATED_OBJC_IMPLEMENTATIONS = YES;
				CLANG_WARN_DIRECT_OBJC_ISA_USAGE = YES_ERROR;
				CLANG_WARN_DOCUMENTATION_COMMENTS = YES;
				CLANG_WARN_EMPTY_BODY = YES;
				CLANG_WARN_ENUM_CONVERSION = YES;
				CLANG_WARN_INFINITE_RECURSION = YES;
				CLANG_WARN_INT_CONVERSION = YES;
				CLANG_WARN_NON_LITERAL_NULL_CONVERSION = YES;
				CLANG_WARN_OBJC_IMPLICIT_RETAIN_SELF = YES;
				CLANG_WARN_OBJC_LITERAL_CONVERSION = YES;
				CLANG_WARN_OBJC_ROOT_CLASS = YES_ERROR;
				CLANG_WARN_QUOTED_INCLUDE_IN_FRAMEWORK_HEADER = YES;
				CLANG_WARN_RANGE_LOOP_ANALYSIS = YES;
				CLANG_WARN_STRICT_PROTOTYPES = YES;
				CLANG_WARN_SUSPICIOUS_MOVE = YES;
				CLANG_WARN_UNGUARDED_AVAILABILITY = YES_AGGRESSIVE;
				CLANG_WARN_UNREACHABLE_CODE = YES;
				CLANG_WARN__DUPLICATE_METHOD_MATCH = YES;
				COPY_PHASE_STRIP = NO;
				DEBUG_INFORMATION_FORMAT = dwarf;
				ENABLE_STRICT_OBJC_MSGSEND = YES;
				ENABLE_TESTABILITY = YES;
				GCC_C_LANGUAGE_STANDARD = gnu11;
				GCC_DYNAMIC_NO_PIC = NO;
				GCC_NO_COMMON_BLOCKS = YES;
				GCC_OPTIMIZATION_LEVEL = 0;
				GCC_PREPROCESSOR_DEFINITIONS = (
					"DEBUG=1",
					"$(inherited)",
				);
				GCC_WARN_64_TO_32_BIT_CONVERSION = YES;
				GCC_WARN_ABOUT_RETURN_TYPE = YES_ERROR;
				GCC_WARN_UNDECLARED_SELECTOR = YES;
				GCC_WARN_UNINITIALIZED_AUTOS = YES_AGGRESSIVE;
				GCC_WARN_UNUSED_FUNCTION = YES;
				GCC_WARN_UNUSED_VARIABLE = YES;
				IPHONEOS_DEPLOYMENT_TARGET = 15.2;
				MTL_ENABLE_DEBUG_INFO = INCLUDE_SOURCE;
				MTL_FAST_MATH = YES;
				ONLY_ACTIVE_ARCH = YES;
				SDKROOT = iphoneos;
				SWIFT_ACTIVE_COMPILATION_CONDITIONS = DEBUG;
				SWIFT_OPTIMIZATION_LEVEL = "-Onone";
			};
			name = Debug;
		};
		04C1FE1C28AFDDD00073ABF8 /* Release */ = {
			isa = XCBuildConfiguration;
			buildSettings = {
				ALWAYS_SEARCH_USER_PATHS = NO;
				CLANG_ANALYZER_NONNULL = YES;
				CLANG_ANALYZER_NUMBER_OBJECT_CONVERSION = YES_AGGRESSIVE;
				CLANG_CXX_LANGUAGE_STANDARD = "gnu++17";
				CLANG_ENABLE_MODULES = YES;
				CLANG_ENABLE_OBJC_ARC = YES;
				CLANG_ENABLE_OBJC_WEAK = YES;
				CLANG_WARN_BLOCK_CAPTURE_AUTORELEASING = YES;
				CLANG_WARN_BOOL_CONVERSION = YES;
				CLANG_WARN_COMMA = YES;
				CLANG_WARN_CONSTANT_CONVERSION = YES;
				CLANG_WARN_DEPRECATED_OBJC_IMPLEMENTATIONS = YES;
				CLANG_WARN_DIRECT_OBJC_ISA_USAGE = YES_ERROR;
				CLANG_WARN_DOCUMENTATION_COMMENTS = YES;
				CLANG_WARN_EMPTY_BODY = YES;
				CLANG_WARN_ENUM_CONVERSION = YES;
				CLANG_WARN_INFINITE_RECURSION = YES;
				CLANG_WARN_INT_CONVERSION = YES;
				CLANG_WARN_NON_LITERAL_NULL_CONVERSION = YES;
				CLANG_WARN_OBJC_IMPLICIT_RETAIN_SELF = YES;
				CLANG_WARN_OBJC_LITERAL_CONVERSION = YES;
				CLANG_WARN_OBJC_ROOT_CLASS = YES_ERROR;
				CLANG_WARN_QUOTED_INCLUDE_IN_FRAMEWORK_HEADER = YES;
				CLANG_WARN_RANGE_LOOP_ANALYSIS = YES;
				CLANG_WARN_STRICT_PROTOTYPES = YES;
				CLANG_WARN_SUSPICIOUS_MOVE = YES;
				CLANG_WARN_UNGUARDED_AVAILABILITY = YES_AGGRESSIVE;
				CLANG_WARN_UNREACHABLE_CODE = YES;
				CLANG_WARN__DUPLICATE_METHOD_MATCH = YES;
				COPY_PHASE_STRIP = NO;
				DEBUG_INFORMATION_FORMAT = "dwarf-with-dsym";
				ENABLE_NS_ASSERTIONS = NO;
				ENABLE_STRICT_OBJC_MSGSEND = YES;
				GCC_C_LANGUAGE_STANDARD = gnu11;
				GCC_NO_COMMON_BLOCKS = YES;
				GCC_WARN_64_TO_32_BIT_CONVERSION = YES;
				GCC_WARN_ABOUT_RETURN_TYPE = YES_ERROR;
				GCC_WARN_UNDECLARED_SELECTOR = YES;
				GCC_WARN_UNINITIALIZED_AUTOS = YES_AGGRESSIVE;
				GCC_WARN_UNUSED_FUNCTION = YES;
				GCC_WARN_UNUSED_VARIABLE = YES;
				IPHONEOS_DEPLOYMENT_TARGET = 15.2;
				MTL_ENABLE_DEBUG_INFO = NO;
				MTL_FAST_MATH = YES;
				SDKROOT = iphoneos;
				SWIFT_COMPILATION_MODE = wholemodule;
				SWIFT_OPTIMIZATION_LEVEL = "-O";
				VALIDATE_PRODUCT = YES;
			};
			name = Release;
		};
		04C1FE1E28AFDDD00073ABF8 /* Debug */ = {
			isa = XCBuildConfiguration;
			buildSettings = {
				ASSETCATALOG_COMPILER_APPICON_NAME = AppIcon;
				ASSETCATALOG_COMPILER_GLOBAL_ACCENT_COLOR_NAME = AccentColor;
				CODE_SIGN_STYLE = Automatic;
				CURRENT_PROJECT_VERSION = 1;
				DEVELOPMENT_TEAM = 6ZPB2R3KP8;
				GENERATE_INFOPLIST_FILE = YES;
				INFOPLIST_FILE = TopHeadlines/Info.plist;
				INFOPLIST_KEY_UIApplicationSupportsIndirectInputEvents = YES;
				INFOPLIST_KEY_UILaunchStoryboardName = LaunchScreen;
				INFOPLIST_KEY_UIMainStoryboardFile = Main;
				INFOPLIST_KEY_UISupportedInterfaceOrientations = UIInterfaceOrientationPortrait;
				INFOPLIST_KEY_UISupportedInterfaceOrientations_iPad = "UIInterfaceOrientationPortrait UIInterfaceOrientationPortraitUpsideDown UIInterfaceOrientationLandscapeLeft UIInterfaceOrientationLandscapeRight";
				INFOPLIST_KEY_UISupportedInterfaceOrientations_iPhone = "UIInterfaceOrientationPortrait UIInterfaceOrientationLandscapeLeft UIInterfaceOrientationLandscapeRight";
				IPHONEOS_DEPLOYMENT_TARGET = 15.2;
				LD_RUNPATH_SEARCH_PATHS = (
					"$(inherited)",
					"@executable_path/Frameworks",
				);
				MARKETING_VERSION = 1.0;
				PRODUCT_BUNDLE_IDENTIFIER = com.waheedcodes.TopHeadlines;
				PRODUCT_NAME = "$(TARGET_NAME)";
				SWIFT_EMIT_LOC_STRINGS = YES;
				SWIFT_VERSION = 5.0;
				TARGETED_DEVICE_FAMILY = "1,2";
			};
			name = Debug;
		};
		04C1FE1F28AFDDD00073ABF8 /* Release */ = {
			isa = XCBuildConfiguration;
			buildSettings = {
				ASSETCATALOG_COMPILER_APPICON_NAME = AppIcon;
				ASSETCATALOG_COMPILER_GLOBAL_ACCENT_COLOR_NAME = AccentColor;
				CODE_SIGN_STYLE = Automatic;
				CURRENT_PROJECT_VERSION = 1;
				DEVELOPMENT_TEAM = 6ZPB2R3KP8;
				GENERATE_INFOPLIST_FILE = YES;
				INFOPLIST_FILE = TopHeadlines/Info.plist;
				INFOPLIST_KEY_UIApplicationSupportsIndirectInputEvents = YES;
				INFOPLIST_KEY_UILaunchStoryboardName = LaunchScreen;
				INFOPLIST_KEY_UIMainStoryboardFile = Main;
				INFOPLIST_KEY_UISupportedInterfaceOrientations = UIInterfaceOrientationPortrait;
				INFOPLIST_KEY_UISupportedInterfaceOrientations_iPad = "UIInterfaceOrientationPortrait UIInterfaceOrientationPortraitUpsideDown UIInterfaceOrientationLandscapeLeft UIInterfaceOrientationLandscapeRight";
				INFOPLIST_KEY_UISupportedInterfaceOrientations_iPhone = "UIInterfaceOrientationPortrait UIInterfaceOrientationLandscapeLeft UIInterfaceOrientationLandscapeRight";
				IPHONEOS_DEPLOYMENT_TARGET = 15.2;
				LD_RUNPATH_SEARCH_PATHS = (
					"$(inherited)",
					"@executable_path/Frameworks",
				);
				MARKETING_VERSION = 1.0;
				PRODUCT_BUNDLE_IDENTIFIER = com.waheedcodes.TopHeadlines;
				PRODUCT_NAME = "$(TARGET_NAME)";
				SWIFT_EMIT_LOC_STRINGS = YES;
				SWIFT_VERSION = 5.0;
				TARGETED_DEVICE_FAMILY = "1,2";
			};
			name = Release;
		};
		04C1FE2B28AFE1120073ABF8 /* Debug */ = {
			isa = XCBuildConfiguration;
			buildSettings = {
				BUNDLE_LOADER = "$(TEST_HOST)";
				CODE_SIGN_STYLE = Automatic;
				CURRENT_PROJECT_VERSION = 1;
				DEVELOPMENT_TEAM = 6ZPB2R3KP8;
				GENERATE_INFOPLIST_FILE = YES;
				MARKETING_VERSION = 1.0;
				PRODUCT_BUNDLE_IDENTIFIER = com.waheedcodes.TopHeadlinesTests;
				PRODUCT_NAME = "$(TARGET_NAME)";
				SWIFT_EMIT_LOC_STRINGS = NO;
				SWIFT_VERSION = 5.0;
				TARGETED_DEVICE_FAMILY = "1,2";
				TEST_HOST = "$(BUILT_PRODUCTS_DIR)/TopHeadlines.app/TopHeadlines";
			};
			name = Debug;
		};
		04C1FE2C28AFE1120073ABF8 /* Release */ = {
			isa = XCBuildConfiguration;
			buildSettings = {
				BUNDLE_LOADER = "$(TEST_HOST)";
				CODE_SIGN_STYLE = Automatic;
				CURRENT_PROJECT_VERSION = 1;
				DEVELOPMENT_TEAM = 6ZPB2R3KP8;
				GENERATE_INFOPLIST_FILE = YES;
				MARKETING_VERSION = 1.0;
				PRODUCT_BUNDLE_IDENTIFIER = com.waheedcodes.TopHeadlinesTests;
				PRODUCT_NAME = "$(TARGET_NAME)";
				SWIFT_EMIT_LOC_STRINGS = NO;
				SWIFT_VERSION = 5.0;
				TARGETED_DEVICE_FAMILY = "1,2";
				TEST_HOST = "$(BUILT_PRODUCTS_DIR)/TopHeadlines.app/TopHeadlines";
			};
			name = Release;
		};
/* End XCBuildConfiguration section */

/* Begin XCConfigurationList section */
		04C1FE0428AFDDCF0073ABF8 /* Build configuration list for PBXProject "TopHeadlines" */ = {
			isa = XCConfigurationList;
			buildConfigurations = (
				04C1FE1B28AFDDD00073ABF8 /* Debug */,
				04C1FE1C28AFDDD00073ABF8 /* Release */,
			);
			defaultConfigurationIsVisible = 0;
			defaultConfigurationName = Release;
		};
		04C1FE1D28AFDDD00073ABF8 /* Build configuration list for PBXNativeTarget "TopHeadlines" */ = {
			isa = XCConfigurationList;
			buildConfigurations = (
				04C1FE1E28AFDDD00073ABF8 /* Debug */,
				04C1FE1F28AFDDD00073ABF8 /* Release */,
			);
			defaultConfigurationIsVisible = 0;
			defaultConfigurationName = Release;
		};
		04C1FE2A28AFE1120073ABF8 /* Build configuration list for PBXNativeTarget "TopHeadlinesTests" */ = {
			isa = XCConfigurationList;
			buildConfigurations = (
				04C1FE2B28AFE1120073ABF8 /* Debug */,
				04C1FE2C28AFE1120073ABF8 /* Release */,
			);
			defaultConfigurationIsVisible = 0;
			defaultConfigurationName = Release;
		};
/* End XCConfigurationList section */

/* Begin XCRemoteSwiftPackageReference section */
		04C1FE6428B177930073ABF8 /* XCRemoteSwiftPackageReference "Kingfisher" */ = {
			isa = XCRemoteSwiftPackageReference;
			repositoryURL = "https://github.com/onevcat/Kingfisher.git";
			requirement = {
				branch = master;
				kind = branch;
			};
		};
/* End XCRemoteSwiftPackageReference section */

/* Begin XCSwiftPackageProductDependency section */
		04C1FE6528B177930073ABF8 /* Kingfisher */ = {
			isa = XCSwiftPackageProductDependency;
			package = 04C1FE6428B177930073ABF8 /* XCRemoteSwiftPackageReference "Kingfisher" */;
			productName = Kingfisher;
		};
/* End XCSwiftPackageProductDependency section */
	};
	rootObject = 04C1FE0128AFDDCF0073ABF8 /* Project object */;
}
